{
  "lockfile-version": 1,
  "manifest": {
    "version": 1,
    "install": {
      "atuin": {
        "pkg-path": "atuin"
      },
      "doctl": {
        "pkg-path": "doctl"
      },
      "glow": {
        "pkg-path": "glow"
      },
      "k9s": {
        "pkg-path": "k9s"
      },
      "kubectx": {
        "pkg-path": "kubectx"
      },
      "telepresence2": {
        "pkg-path": "telepresence2"
      },
      "tilt": {
        "pkg-path": "tilt"
      }
    },
    "hook": {},
    "profile": {},
    "options": {
      "activate": {
        "mode": "run"
      }
    }
  },
  "packages": [
    {
      "attr_path": "atuin",
      "broken": false,
      "derivation": "/nix/store/9zs3bdv61pkxibislwj2a60mmjgvz0la-atuin-18.13.6.drv",
      "description": "Replacement for a shell history which records additional commands context with optional encrypted synchronization between machines",
      "install_id": "atuin",
      "license": "MIT",
      "locked_url": "https://github.com/flox/nixpkgs?rev=4bd9165a9165d7b5e33ae57f3eecbcb28fb231c9",
      "name": "atuin-18.13.6",
      "pname": "atuin",
      "rev": "4bd9165a9165d7b5e33ae57f3eecbcb28fb231c9",
      "rev_count": 980183,
      "rev_date": "2026-04-14T12:31:25Z",
      "scrape_date": "2026-04-16T06:05:17.888925Z",
      "stabilities": [
        "unstable",
        "staging"
      ],
      "unfree": false,
      "version": "18.13.6",
      "outputs_to_install": [
        "out"
      ],
      "outputs": {
        "out": "/nix/store/806src7rmf6xr41f2kcmzgz7gids9zx1-atuin-18.13.6"
      },
      "system": "aarch64-darwin",
      "group": "toplevel",
      "priority": 5
    },
    {
      "attr_path": "atuin",
      "broken": false,
      "derivation": "/nix/store/cl2y0rn38cgaf5wcm544rfrdy7ypmj15-atuin-18.13.6.drv",
      "description": "Replacement for a shell history which records additional commands context with optional encrypted synchronization between machines",
      "install_id": "atuin",
      "license": "MIT",
      "locked_url": "https://github.com/flox/nixpkgs?rev=4bd9165a9165d7b5e33ae57f3eecbcb28fb231c9",
      "name": "atuin-18.13.6",
      "pname": "atuin",
      "rev": "4bd9165a9165d7b5e33ae57f3eecbcb28fb231c9",
      "rev_count": 980183,
      "rev_date": "2026-04-14T12:31:25Z",
      "scrape_date": "2026-04-16T06:37:12.696935Z",
      "stabilities": [
        "unstable",
        "staging"
      ],
      "unfree": false,
      "version": "18.13.6",
      "outputs_to_install": [
        "out"
      ],
      "outputs": {
        "out": "/nix/store/sx7h7q83cxsaw0k7ylbphcsxx6r3mafp-atuin-18.13.6"
      },
      "system": "aarch64-linux",
      "group": "toplevel",
      "priority": 5
    },
    {
      "attr_path": "atuin",
      "broken": false,
      "derivation": "/nix/store/lx2vpnv8kk4l69vg6xnv07j9sgkzqn3g-atuin-18.13.6.drv",
      "description": "Replacement for a shell history which records additional commands context with optional encrypted synchronization between machines",
      "install_id": "atuin",
      "license": "MIT",
      "locked_url": "https://github.com/flox/nixpkgs?rev=4bd9165a9165d7b5e33ae57f3eecbcb28fb231c9",
      "name": "atuin-18.13.6",
      "pname": "atuin",
      "rev": "4bd9165a9165d7b5e33ae57f3eecbcb28fb231c9",
      "rev_count": 980183,
      "rev_date": "2026-04-14T12:31:25Z",
      "scrape_date": "2026-04-16T07:08:01.857339Z",
      "stabilities": [
        "unstable",
        "staging"
      ],
      "unfree": false,
      "version": "18.13.6",
      "outputs_to_install": [
        "out"
      ],
      "outputs": {
        "out": "/nix/store/cgikpqi2pkqa7m71hs2rdwvvprq53qip-atuin-18.13.6"
      },
      "system": "x86_64-darwin",
      "group": "toplevel",
      "priority": 5
    },
    {
      "attr_path": "atuin",
      "broken": false,
      "derivation": "/nix/store/52yklwjpz8vc6173787pfxm1710z3q48-atuin-18.13.6.drv",
      "description": "Replacement for a shell history which records additional commands context with optional encrypted synchronization between machines",
      "install_id": "atuin",
      "license": "MIT",
      "locked_url": "https://github.com/flox/nixpkgs?rev=4bd9165a9165d7b5e33ae57f3eecbcb28fb231c9",
      "name": "atuin-18.13.6",
      "pname": "atuin",
      "rev": "4bd9165a9165d7b5e33ae57f3eecbcb28fb231c9",
      "rev_count": 980183,
      "rev_date": "2026-04-14T12:31:25Z",
      "scrape_date": "2026-04-16T07:42:40.900915Z",
      "stabilities": [
        "unstable",
        "staging"
      ],
      "unfree": false,
      "version": "18.13.6",
      "outputs_to_install": [
        "out"
      ],
      "outputs": {
        "out": "/nix/store/d32383k68z5n4aqan7cbacz7idw8wbws-atuin-18.13.6"
      },
      "system": "x86_64-linux",
      "group": "toplevel",
      "priority": 5
    },
    {
      "attr_path": "doctl",
      "broken": false,
      "derivation": "/nix/store/b661c1dpp5zmd2s193nk2wnfvvw5kpxk-doctl-1.154.0.drv",
      "description": "Command line tool for DigitalOcean services",
      "install_id": "doctl",
      "license": "Apache-2.0",
      "locked_url": "https://github.com/flox/nixpkgs?rev=4bd9165a9165d7b5e33ae57f3eecbcb28fb231c9",
      "name": "doctl-1.154.0",
      "pname": "doctl",
      "rev": "4bd9165a9165d7b5e33ae57f3eecbcb28fb231c9",
      "rev_count": 980183,
      "rev_date": "2026-04-14T12:31:25Z",
      "scrape_date": "2026-04-16T06:05:18.534984Z",
      "stabilities": [
        "unstable",
        "staging"
      ],
      "unfree": false,
      "version": "1.154.0",
      "outputs_to_install": [
        "out"
      ],
      "outputs": {
        "out": "/nix/store/2f3lq2wad5ygi64g4xpk985g78ydbmcq-doctl-1.154.0"
      },
      "system": "aarch64-darwin",
      "group": "toplevel",
      "priority": 5
    },
    {
      "attr_path": "doctl",
      "broken": false,
      "derivation": "/nix/store/hhn9mjy3sjy9am16m695day1pfvw9j6z-doctl-1.154.0.drv",
      "description": "Command line tool for DigitalOcean services",
      "install_id": "doctl",
      "license": "Apache-2.0",
      "locked_url": "https://github.com/flox/nixpkgs?rev=4bd9165a9165d7b5e33ae57f3eecbcb28fb231c9",
      "name": "doctl-1.154.0",
      "pname": "doctl",
      "rev": "4bd9165a9165d7b5e33ae57f3eecbcb28fb231c9",
      "rev_count": 980183,
      "rev_date": "2026-04-14T12:31:25Z",
      "scrape_date": "2026-04-16T06:37:13.545320Z",
      "stabilities": [
        "unstable",
        "staging"
      ],
      "unfree": false,
      "version": "1.154.0",
      "outputs_to_install": [
        "out"
      ],
      "outputs": {
        "out": "/nix/store/h16aax48zkbmg9l5lzv6xzhqs985c5p5-doctl-1.154.0"
      },
      "system": "aarch64-linux",
      "group": "toplevel",
      "priority": 5
    },
    {
      "attr_path": "doctl",
      "broken": false,
      "derivation": "/nix/store/rnglrz7jdsyycqd1rk6m9y4viplzmx26-doctl-1.154.0.drv",
      "description": "Command line tool for DigitalOcean services",
      "install_id": "doctl",
      "license": "Apache-2.0",
      "locked_url": "https://github.com/flox/nixpkgs?rev=4bd9165a9165d7b5e33ae57f3eecbcb28fb231c9",
      "name": "doctl-1.154.0",
      "pname": "doctl",
      "rev": "4bd9165a9165d7b5e33ae57f3eecbcb28fb231c9",
      "rev_count": 980183,
      "rev_date": "2026-04-14T12:31:25Z",
      "scrape_date": "2026-04-16T07:08:02.498731Z",
      "stabilities": [
        "unstable",
        "staging"
      ],
      "unfree": false,
      "version": "1.154.0",
      "outputs_to_install": [
        "out"
      ],
      "outputs": {
        "out": "/nix/store/8nfhsnd7iq95xk4bm1h81bg7y0dsppa8-doctl-1.154.0"
      },
      "system": "x86_64-darwin",
      "group": "toplevel",
      "priority": 5
    },
    {
      "attr_path": "doctl",
      "broken": false,
      "derivation": "/nix/store/xlx6p9kiwpf19s3a2gviia8ac1j90nil-doctl-1.154.0.drv",
      "description": "Command line tool for DigitalOcean services",
      "install_id": "doctl",
      "license": "Apache-2.0",
      "locked_url": "https://github.com/flox/nixpkgs?rev=4bd9165a9165d7b5e33ae57f3eecbcb28fb231c9",
      "name": "doctl-1.154.0",
      "pname": "doctl",
      "rev": "4bd9165a9165d7b5e33ae57f3eecbcb28fb231c9",
      "rev_count": 980183,
      "rev_date": "2026-04-14T12:31:25Z",
      "scrape_date": "2026-04-16T07:42:41.833936Z",
      "stabilities": [
        "unstable",
        "staging"
      ],
      "unfree": false,
      "version": "1.154.0",
      "outputs_to_install": [
        "out"
      ],
      "outputs": {
        "out": "/nix/store/24psfg9aggh9m38l7k968i58dbpxx626-doctl-1.154.0"
      },
      "system": "x86_64-linux",
      "group": "toplevel",
      "priority": 5
    },
    {
      "attr_path": "glow",
      "broken": false,
      "derivation": "/nix/store/4a4x5zjmcc57i6ixwbpnqixrljf5j76a-glow-2.1.2.drv",
      "description": "Render markdown on the CLI, with pizzazz",
      "install_id": "glow",
      "license": "MIT",
      "locked_url": "https://github.com/flox/nixpkgs?rev=4bd9165a9165d7b5e33ae57f3eecbcb28fb231c9",
      "name": "glow-2.1.2",
      "pname": "glow",
      "rev": "4bd9165a9165d7b5e33ae57f3eecbcb28fb231c9",
      "rev_count": 980183,
      "rev_date": "2026-04-14T12:31:25Z",
      "scrape_date": "2026-04-16T06:05:19.171506Z",
      "stabilities": [
        "unstable",
        "staging"
      ],
      "unfree": false,
      "version": "2.1.2",
      "outputs_to_install": [
        "out"
      ],
      "outputs": {
        "out": "/nix/store/mna09zssj4lw2qryq0j8p76qfdgg71rx-glow-2.1.2"
      },
      "system": "aarch64-darwin",
      "group": "toplevel",
      "priority": 5
    },
    {
      "attr_path": "glow",
      "broken": false,
      "derivation": "/nix/store/187ym3dqahznk35jd986zmhacdqn47yv-glow-2.1.2.drv",
      "description": "Render markdown on the CLI, with pizzazz",
      "install_id": "glow",
      "license": "MIT",
      "locked_url": "https://github.com/flox/nixpkgs?rev=4bd9165a9165d7b5e33ae57f3eecbcb28fb231c9",
      "name": "glow-2.1.2",
      "pname": "glow",
      "rev": "4bd9165a9165d7b5e33ae57f3eecbcb28fb231c9",
      "rev_count": 980183,
      "rev_date": "2026-04-14T12:31:25Z",
      "scrape_date": "2026-04-16T06:37:14.516026Z",
      "stabilities": [
        "unstable",
        "staging"
      ],
      "unfree": false,
      "version": "2.1.2",
      "outputs_to_install": [
        "out"
      ],
      "outputs": {
        "out": "/nix/store/8rpk7x4658pdv0fkjhx0k04g9vppv5s9-glow-2.1.2"
      },
      "system": "aarch64-linux",
      "group": "toplevel",
      "priority": 5
    },
    {
      "attr_path": "glow",
      "broken": false,
      "derivation": "/nix/store/zzh37vfmizikd14z2142nq52nj82mnv8-glow-2.1.2.drv",
      "description": "Render markdown on the CLI, with pizzazz",
      "install_id": "glow",
      "license": "MIT",
      "locked_url": "https://github.com/flox/nixpkgs?rev=4bd9165a9165d7b5e33ae57f3eecbcb28fb231c9",
      "name": "glow-2.1.2",
      "pname": "glow",
      "rev": "4bd9165a9165d7b5e33ae57f3eecbcb28fb231c9",
      "rev_count": 980183,
      "rev_date": "2026-04-14T12:31:25Z",
      "scrape_date": "2026-04-16T07:08:03.136672Z",
      "stabilities": [
        "unstable",
        "staging"
      ],
      "unfree": false,
      "version": "2.1.2",
      "outputs_to_install": [
        "out"
      ],
      "outputs": {
        "out": "/nix/store/d0z87wyxr001xgm85vklj5hnmg3r56kv-glow-2.1.2"
      },
      "system": "x86_64-darwin",
      "group": "toplevel",
      "priority": 5
    },
    {
      "attr_path": "glow",
      "broken": false,
      "derivation": "/nix/store/22xhlmswbdr8lwlxjjfbm6bv09hq0gma-glow-2.1.2.drv",
      "description": "Render markdown on the CLI, with pizzazz",
      "install_id": "glow",
      "license": "MIT",
      "locked_url": "https://github.com/flox/nixpkgs?rev=4bd9165a9165d7b5e33ae57f3eecbcb28fb231c9",
      "name": "glow-2.1.2",
      "pname": "glow",
      "rev": "4bd9165a9165d7b5e33ae57f3eecbcb28fb231c9",
      "rev_count": 980183,
      "rev_date": "2026-04-14T12:31:25Z",
      "scrape_date": "2026-04-16T07:42:42.990691Z",
      "stabilities": [
        "unstable",
        "staging"
      ],
      "unfree": false,
      "version": "2.1.2",
      "outputs_to_install": [
        "out"
      ],
      "outputs": {
        "out": "/nix/store/mr4r8wk8i4wdx3mapg8mh2y7wvm41ksq-glow-2.1.2"
      },
      "system": "x86_64-linux",
      "group": "toplevel",
      "priority": 5
    },
    {
      "attr_path": "k9s",
      "broken": false,
      "derivation": "/nix/store/xfx8dgjqhrdqp0fgdih8sk018h13y4ia-k9s-0.50.18.drv",
      "description": "Kubernetes CLI To Manage Your Clusters In Style",
      "install_id": "k9s",
      "license": "Apache-2.0",
      "locked_url": "https://github.com/flox/nixpkgs?rev=4bd9165a9165d7b5e33ae57f3eecbcb28fb231c9",
      "name": "k9s-0.50.18",
      "pname": "k9s",
      "rev": "4bd9165a9165d7b5e33ae57f3eecbcb28fb231c9",
      "rev_count": 980183,
      "rev_date": "2026-04-14T12:31:25Z",
      "scrape_date": "2026-04-16T06:05:34.703556Z",
      "stabilities": [
        "unstable",
        "staging"
      ],
      "unfree": false,
      "version": "0.50.18",
      "outputs_to_install": [
        "out"
      ],
      "outputs": {
        "out": "/nix/store/jf7hmqwvs10nhfn1bd169aciy50x2sip-k9s-0.50.18"
      },
      "system": "aarch64-darwin",
      "group": "toplevel",
      "priority": 5
    },
    {
      "attr_path": "k9s",
      "broken": false,
      "derivation": "/nix/store/fz8d5xsjmsykly8m35s7dd84imm1mmy2-k9s-0.50.18.drv",
      "description": "Kubernetes CLI To Manage Your Clusters In Style",
      "install_id": "k9s",
      "license": "Apache-2.0",
      "locked_url": "https://github.com/flox/nixpkgs?rev=4bd9165a9165d7b5e33ae57f3eecbcb28fb231c9",
      "name": "k9s-0.50.18",
      "pname": "k9s",
      "rev": "4bd9165a9165d7b5e33ae57f3eecbcb28fb231c9",
      "rev_count": 980183,
      "rev_date": "2026-04-14T12:31:25Z",
      "scrape_date": "2026-04-16T06:37:34.573051Z",
      "stabilities": [
        "unstable",
        "staging"
      ],
      "unfree": false,
      "version": "0.50.18",
      "outputs_to_install": [
        "out"
      ],
      "outputs": {
        "out": "/nix/store/fils0xsram6zkzkhjdxd7lzw6qzyybs5-k9s-0.50.18"
      },
      "system": "aarch64-linux",
      "group": "toplevel",
      "priority": 5
    },
    {
      "attr_path": "k9s",
      "broken": false,
      "derivation": "/nix/store/r0fzncpgw90nw5frbl9z7y10y1i3iykr-k9s-0.50.18.drv",
      "description": "Kubernetes CLI To Manage Your Clusters In Style",
      "install_id": "k9s",
      "license": "Apache-2.0",
      "locked_url": "https://github.com/flox/nixpkgs?rev=4bd9165a9165d7b5e33ae57f3eecbcb28fb231c9",
      "name": "k9s-0.50.18",
      "pname": "k9s",
      "rev": "4bd9165a9165d7b5e33ae57f3eecbcb28fb231c9",
      "rev_count": 980183,
      "rev_date": "2026-04-14T12:31:25Z",
      "scrape_date": "2026-04-16T07:08:18.622050Z",
      "stabilities": [
        "unstable",
        "staging"
      ],
      "unfree": false,
      "version": "0.50.18",
      "outputs_to_install": [
        "out"
      ],
      "outputs": {
        "out": "/nix/store/wiznkivk5q3lwpjiwq7k685ay0gxr610-k9s-0.50.18"
      },
      "system": "x86_64-darwin",
      "group": "toplevel",
      "priority": 5
    },
    {
      "attr_path": "k9s",
      "broken": false,
      "derivation": "/nix/store/nirb91ql70wj8m8cl6w422vwvpg1fwcf-k9s-0.50.18.drv",
      "description": "Kubernetes CLI To Manage Your Clusters In Style",
      "install_id": "k9s",
      "license": "Apache-2.0",
      "locked_url": "https://github.com/flox/nixpkgs?rev=4bd9165a9165d7b5e33ae57f3eecbcb28fb231c9",
      "name": "k9s-0.50.18",
      "pname": "k9s",
      "rev": "4bd9165a9165d7b5e33ae57f3eecbcb28fb231c9",
      "rev_count": 980183,
      "rev_date": "2026-04-14T12:31:25Z",
      "scrape_date": "2026-04-16T07:43:03.750733Z",
      "stabilities": [
        "unstable",
        "staging"
      ],
      "unfree": false,
      "version": "0.50.18",
      "outputs_to_install": [
        "out"
      ],
      "outputs": {
        "out": "/nix/store/4v3bq29pn4j5jqzv3hvvzm2c1w6hqhkh-k9s-0.50.18"
      },
      "system": "x86_64-linux",
      "group": "toplevel",
      "priority": 5
    },
    {
      "attr_path": "kubectx",
      "broken": false,
      "derivation": "/nix/store/m9s8a2rwmwynphr9bq50472lln4l90r8-kubectx-0.11.0.drv",
      "description": "Fast way to switch between clusters and namespaces in kubectl",
      "install_id": "kubectx",
      "license": "Apache-2.0",
      "locked_url": "https://github.com/flox/nixpkgs?rev=4bd9165a9165d7b5e33ae57f3eecbcb28fb231c9",
      "name": "kubectx-0.11.0",
      "pname": "kubectx",
      "rev": "4bd9165a9165d7b5e33ae57f3eecbcb28fb231c9",
      "rev_count": 980183,
      "rev_date": "2026-04-14T12:31:25Z",
      "scrape_date": "2026-04-16T06:05:35.312513Z",
      "stabilities": [
        "unstable",
        "staging"
      ],
      "unfree": false,
      "version": "0.11.0",
      "outputs_to_install": [
        "out"
      ],
      "outputs": {
        "out": "/nix/store/nhgfqyvh25mdwbv71lijsl13507s6cs9-kubectx-0.11.0"
      },
      "system": "aarch64-darwin",
      "group": "toplevel",
      "priority": 5
    },
    {
      "attr_path": "kubectx",
      "broken": false,
      "derivation": "/nix/store/brlx4xs86cmbf5km3f4d8nxak0i6pjag-kubectx-0.11.0.drv",
      "description": "Fast way to switch between clusters and namespaces in kubectl",
      "install_id": "kubectx",
      "license": "Apache-2.0",
      "locked_url": "https://github.com/flox/nixpkgs?rev=4bd9165a9165d7b5e33ae57f3eecbcb28fb231c9",
      "name": "kubectx-0.11.0",
      "pname": "kubectx",
      "rev": "4bd9165a9165d7b5e33ae57f3eecbcb28fb231c9",
      "rev_count": 980183,
      "rev_date": "2026-04-14T12:31:25Z",
      "scrape_date": "2026-04-16T06:37:36.147414Z",
      "stabilities": [
        "unstable",
        "staging"
      ],
      "unfree": false,
      "version": "0.11.0",
      "outputs_to_install": [
        "out"
      ],
      "outputs": {
        "out": "/nix/store/5qwfxlsgdfx432qmy56ljdp66mjzlsg0-kubectx-0.11.0"
      },
      "system": "aarch64-linux",
      "group": "toplevel",
      "priority": 5
    },
    {
      "attr_path": "kubectx",
      "broken": false,
      "derivation": "/nix/store/fs6jmy03j7x474g677rw47dzmjiyv40c-kubectx-0.11.0.drv",
      "description": "Fast way to switch between clusters and namespaces in kubectl",
      "install_id": "kubectx",
      "license": "Apache-2.0",
      "locked_url": "https://github.com/flox/nixpkgs?rev=4bd9165a9165d7b5e33ae57f3eecbcb28fb231c9",
      "name": "kubectx-0.11.0",
      "pname": "kubectx",
      "rev": "4bd9165a9165d7b5e33ae57f3eecbcb28fb231c9",
      "rev_count": 980183,
      "rev_date": "2026-04-14T12:31:25Z",
      "scrape_date": "2026-04-16T07:08:19.195930Z",
      "stabilities": [
        "unstable",
        "staging"
      ],
      "unfree": false,
      "version": "0.11.0",
      "outputs_to_install": [
        "out"
      ],
      "outputs": {
        "out": "/nix/store/cci393rbvkp29195nb3wjc2x13m6421k-kubectx-0.11.0"
      },
      "system": "x86_64-darwin",
      "group": "toplevel",
      "priority": 5
    },
    {
      "attr_path": "kubectx",
      "broken": false,
      "derivation": "/nix/store/r4liap2bsglsp6milym8b8l0iwymlljr-kubectx-0.11.0.drv",
      "description": "Fast way to switch between clusters and namespaces in kubectl",
      "install_id": "kubectx",
      "license": "Apache-2.0",
      "locked_url": "https://github.com/flox/nixpkgs?rev=4bd9165a9165d7b5e33ae57f3eecbcb28fb231c9",
      "name": "kubectx-0.11.0",
      "pname": "kubectx",
      "rev": "4bd9165a9165d7b5e33ae57f3eecbcb28fb231c9",
      "rev_count": 980183,
      "rev_date": "2026-04-14T12:31:25Z",
      "scrape_date": "2026-04-16T07:43:05.386525Z",
      "stabilities": [
        "unstable",
        "staging"
      ],
      "unfree": false,
      "version": "0.11.0",
      "outputs_to_install": [
        "out"
      ],
      "outputs": {
        "out": "/nix/store/iv20jjq96zg2f4riww5lnivr8fsz8gv2-kubectx-0.11.0"
      },
      "system": "x86_64-linux",
      "group": "toplevel",
      "priority": 5
    },
    {
      "attr_path": "telepresence2",
      "broken": false,
      "derivation": "/nix/store/qrqmvg0rhp2a6a23ncjmw4pg86hsjmp4-telepresence2-2.27.3.drv",
      "description": "Local development against a remote Kubernetes or OpenShift cluster",
      "install_id": "telepresence2",
      "license": "Apache-2.0",
      "locked_url": "https://github.com/flox/nixpkgs?rev=4bd9165a9165d7b5e33ae57f3eecbcb28fb231c9",
      "name": "telepresence2-2.27.3",
      "pname": "telepresence2",
      "rev": "4bd9165a9165d7b5e33ae57f3eecbcb28fb231c9",
      "rev_count": 980183,
      "rev_date": "2026-04-14T12:31:25Z",
      "scrape_date": "2026-04-16T06:07:09.841412Z",
      "stabilities": [
        "unstable",
        "staging"
      ],
      "unfree": false,
      "version": "2.27.3",
      "outputs_to_install": [
        "out"
      ],
      "outputs": {
        "out": "/nix/store/ycx9qlzid353bmdxkg7ak2mhyvykkslv-telepresence2-2.27.3"
      },
      "system": "aarch64-darwin",
      "group": "toplevel",
      "priority": 5
    },
    {
      "attr_path": "telepresence2",
      "broken": false,
      "derivation": "/nix/store/1l6n277b3bgw8zkdlgy686l9w8krhwwh-telepresence2-2.27.3.drv",
      "description": "Local development against a remote Kubernetes or OpenShift cluster",
      "install_id": "telepresence2",
      "license": "Apache-2.0",
      "locked_url": "https://github.com/flox/nixpkgs?rev=4bd9165a9165d7b5e33ae57f3eecbcb28fb231c9",
      "name": "telepresence2-2.27.3",
      "pname": "telepresence2",
      "rev": "4bd9165a9165d7b5e33ae57f3eecbcb28fb231c9",
      "rev_count": 980183,
      "rev_date": "2026-04-14T12:31:25Z",
      "scrape_date": "2026-04-16T06:39:42.129217Z",
      "stabilities": [
        "unstable",
        "staging"
      ],
      "unfree": false,
      "version": "2.27.3",
      "outputs_to_install": [
        "out"
      ],
      "outputs": {
        "out": "/nix/store/3kivnj29m0h7bmcrjzc0iilzfml0w54x-telepresence2-2.27.3"
      },
      "system": "aarch64-linux",
      "group": "toplevel",
      "priority": 5
    },
    {
      "attr_path": "telepresence2",
      "broken": false,
      "derivation": "/nix/store/01c8sar04grb8bcsqs9zfk9qwrkfms00-telepresence2-2.27.3.drv",
      "description": "Local development against a remote Kubernetes or OpenShift cluster",
      "install_id": "telepresence2",
      "license": "Apache-2.0",
      "locked_url": "https://github.com/flox/nixpkgs?rev=4bd9165a9165d7b5e33ae57f3eecbcb28fb231c9",
      "name": "telepresence2-2.27.3",
      "pname": "telepresence2",
      "rev": "4bd9165a9165d7b5e33ae57f3eecbcb28fb231c9",
      "rev_count": 980183,
      "rev_date": "2026-04-14T12:31:25Z",
      "scrape_date": "2026-04-16T07:09:52.083274Z",
      "stabilities": [
        "unstable",
        "staging"
      ],
      "unfree": false,
      "version": "2.27.3",
      "outputs_to_install": [
        "out"
      ],
      "outputs": {
        "out": "/nix/store/m1v9xg57bh2m1kcxmyz6ayrphzcyz9b3-telepresence2-2.27.3"
      },
      "system": "x86_64-darwin",
      "group": "toplevel",
      "priority": 5
    },
    {
      "attr_path": "telepresence2",
      "broken": false,
      "derivation": "/nix/store/gaq86wcdwlj0z5s5dkcy9mv65c4l7wwy-telepresence2-2.27.3.drv",
      "description": "Local development against a remote Kubernetes or OpenShift cluster",
      "install_id": "telepresence2",
      "license": "Apache-2.0",
      "locked_url": "https://github.com/flox/nixpkgs?rev=4bd9165a9165d7b5e33ae57f3eecbcb28fb231c9",
      "name": "telepresence2-2.27.3",
      "pname": "telepresence2",
      "rev": "4bd9165a9165d7b5e33ae57f3eecbcb28fb231c9",
      "rev_count": 980183,
      "rev_date": "2026-04-14T12:31:25Z",
      "scrape_date": "2026-04-16T07:45:17.022034Z",
      "stabilities": [
        "unstable",
        "staging"
      ],
      "unfree": false,
      "version": "2.27.3",
      "outputs_to_install": [
        "out"
      ],
      "outputs": {
        "out": "/nix/store/q16xxxb1qzh11l04b7npzdl0911czd4z-telepresence2-2.27.3"
      },
      "system": "x86_64-linux",
      "group": "toplevel",
      "priority": 5
    },
    {
      "attr_path": "tilt",
      "broken": false,
      "derivation": "/nix/store/0bl4h5nrc9gpymw51vgswg6d8lgiawd0-tilt-0.37.0.drv",
      "description": "Local development tool to manage your developer instance when your team deploys to Kubernetes in production",
      "install_id": "tilt",
      "license": "Apache-2.0",
      "locked_url": "https://github.com/flox/nixpkgs?rev=4bd9165a9165d7b5e33ae57f3eecbcb28fb231c9",
      "name": "tilt-0.37.0",
      "pname": "tilt",
      "rev": "4bd9165a9165d7b5e33ae57f3eecbcb28fb231c9",
      "rev_count": 980183,
      "rev_date": "2026-04-14T12:31:25Z",
      "scrape_date": "2026-04-16T06:07:29.399592Z",
      "stabilities": [
        "unstable",
        "staging"
      ],
      "unfree": false,
      "version": "0.37.0",
      "outputs_to_install": [
        "out"
      ],
      "outputs": {
        "out": "/nix/store/dbp39d3lgwj3r5v590gr5z651y8jms9w-tilt-0.37.0"
      },
      "system": "aarch64-darwin",
      "group": "toplevel",
      "priority": 5
    },
    {
      "attr_path": "tilt",
      "broken": false,
      "derivation": "/nix/store/v9w8rf29lyknli6f5cc796yz5v25qizp-tilt-0.37.0.drv",
      "description": "Local development tool to manage your developer instance when your team deploys to Kubernetes in production",
      "install_id": "tilt",
      "license": "Apache-2.0",
      "locked_url": "https://github.com/flox/nixpkgs?rev=4bd9165a9165d7b5e33ae57f3eecbcb28fb231c9",
      "name": "tilt-0.37.0",
      "pname": "tilt",
      "rev": "4bd9165a9165d7b5e33ae57f3eecbcb28fb231c9",
      "rev_count": 980183,
      "rev_date": "2026-04-14T12:31:25Z",
      "scrape_date": "2026-04-16T06:40:12.721930Z",
      "stabilities": [
        "unstable",
        "staging"
      ],
      "unfree": false,
      "version": "0.37.0",
      "outputs_to_install": [
        "out"
      ],
      "outputs": {
        "out": "/nix/store/ri4qskkwwipm669kjgwh26zkrdmh2lfw-tilt-0.37.0"
      },
      "system": "aarch64-linux",
      "group": "toplevel",
      "priority": 5
    },
    {
      "attr_path": "tilt",
      "broken": false,
      "derivation": "/nix/store/ildr55casc3sq5bzj2rx09l0fzzdq9yi-tilt-0.37.0.drv",
      "description": "Local development tool to manage your developer instance when your team deploys to Kubernetes in production",
      "install_id": "tilt",
      "license": "Apache-2.0",
      "locked_url": "https://github.com/flox/nixpkgs?rev=4bd9165a9165d7b5e33ae57f3eecbcb28fb231c9",
      "name": "tilt-0.37.0",
      "pname": "tilt",
      "rev": "4bd9165a9165d7b5e33ae57f3eecbcb28fb231c9",
      "rev_count": 980183,
      "rev_date": "2026-04-14T12:31:25Z",
      "scrape_date": "2026-04-16T07:10:12.053337Z",
      "stabilities": [
        "unstable",
        "staging"
      ],
      "unfree": false,
      "version": "0.37.0",
      "outputs_to_install": [
        "out"
      ],
      "outputs": {
        "out": "/nix/store/csrvlg0scvvbbwhr3hlx2300x507vaa9-tilt-0.37.0"
      },
      "system": "x86_64-darwin",
      "group": "toplevel",
      "priority": 5
    },
    {
      "attr_path": "tilt",
      "broken": false,
      "derivation": "/nix/store/dmin5hi8j7ppzd6vjf9adj944jfvaijk-tilt-0.37.0.drv",
      "description": "Local development tool to manage your developer instance when your team deploys to Kubernetes in production",
      "install_id": "tilt",
      "license": "Apache-2.0",
      "locked_url": "https://github.com/flox/nixpkgs?rev=4bd9165a9165d7b5e33ae57f3eecbcb28fb231c9",
      "name": "tilt-0.37.0",
      "pname": "tilt",
      "rev": "4bd9165a9165d7b5e33ae57f3eecbcb28fb231c9",
      "rev_count": 980183,
      "rev_date": "2026-04-14T12:31:25Z",
      "scrape_date": "2026-04-16T07:45:45.643692Z",
      "stabilities": [
        "unstable",
        "staging"
      ],
      "unfree": false,
      "version": "0.37.0",
      "outputs_to_install": [
        "out"
      ],
      "outputs": {
        "out": "/nix/store/f2l4wxd79nf9yln7cjqa94h49x0z87ga-tilt-0.37.0"
      },
      "system": "x86_64-linux",
      "group": "toplevel",
      "priority": 5
    }
  ]
}
